// !$*UTF8*$!
{
	archiveVersion = 1;
	classes = {
	};
	objectVersion = 46;
	objects = {

/* Begin PBXBuildFile section */
		17900BFF1D2C6802006C976D /* SubjectTableViewCell.swift in Sources */ = {isa = PBXBuildFile; fileRef = 17900BFE1D2C6802006C976D /* SubjectTableViewCell.swift */; };
		17900C011D2C6EDA006C976D /* SubjectTableViewController.swift in Sources */ = {isa = PBXBuildFile; fileRef = 17900C001D2C6EDA006C976D /* SubjectTableViewController.swift */; };
		17900C031D2C6FCA006C976D /* Subject.swift in Sources */ = {isa = PBXBuildFile; fileRef = 17900C021D2C6FCA006C976D /* Subject.swift */; };
		17DAF2611D2C60AF00DF7A4D /* AppDelegate.swift in Sources */ = {isa = PBXBuildFile; fileRef = 17DAF2601D2C60AF00DF7A4D /* AppDelegate.swift */; };
		17DAF2661D2C60AF00DF7A4D /* Main.storyboard in Resources */ = {isa = PBXBuildFile; fileRef = 17DAF2641D2C60AF00DF7A4D /* Main.storyboard */; };
		17DAF2681D2C60AF00DF7A4D /* Assets.xcassets in Resources */ = {isa = PBXBuildFile; fileRef = 17DAF2671D2C60AF00DF7A4D /* Assets.xcassets */; };
		17DAF26B1D2C60AF00DF7A4D /* LaunchScreen.storyboard in Resources */ = {isa = PBXBuildFile; fileRef = 17DAF2691D2C60AF00DF7A4D /* LaunchScreen.storyboard */; };
		17DAF2761D2C60B000DF7A4D /* favorTests.swift in Sources */ = {isa = PBXBuildFile; fileRef = 17DAF2751D2C60B000DF7A4D /* favorTests.swift */; };
/* End PBXBuildFile section */

/* Begin PBXContainerItemProxy section */
		17DAF2721D2C60B000DF7A4D /* PBXContainerItemProxy */ = {
			isa = PBXContainerItemProxy;
			containerPortal = 17DAF2551D2C60AF00DF7A4D /* Project object */;
			proxyType = 1;
			remoteGlobalIDString = 17DAF25C1D2C60AF00DF7A4D;
			remoteInfo = favor;
		};
/* End PBXContainerItemProxy section */

/* Begin PBXFileReference section */
		17900BFE1D2C6802006C976D /* SubjectTableViewCell.swift */ = {isa = PBXFileReference; fileEncoding = 4; lastKnownFileType = sourcecode.swift; path = SubjectTableViewCell.swift; sourceTree = "<group>"; };
		17900C001D2C6EDA006C976D /* SubjectTableViewController.swift */ = {isa = PBXFileReference; fileEncoding = 4; lastKnownFileType = sourcecode.swift; path = SubjectTableViewController.swift; sourceTree = "<group>"; };
		17900C021D2C6FCA006C976D /* Subject.swift */ = {isa = PBXFileReference; fileEncoding = 4; lastKnownFileType = sourcecode.swift; path = Subject.swift; sourceTree = "<group>"; };
		17DAF25D1D2C60AF00DF7A4D /* favor.app */ = {isa = PBXFileReference; explicitFileType = wrapper.application; includeInIndex = 0; path = favor.app; sourceTree = BUILT_PRODUCTS_DIR; };
		17DAF2601D2C60AF00DF7A4D /* AppDelegate.swift */ = {isa = PBXFileReference; lastKnownFileType = sourcecode.swift; path = AppDelegate.swift; sourceTree = "<group>"; };
		17DAF2651D2C60AF00DF7A4D /* Base */ = {isa = PBXFileReference; lastKnownFileType = file.storyboard; name = Base; path = Base.lproj/Main.storyboard; sourceTree = "<group>"; };
		17DAF2671D2C60AF00DF7A4D /* Assets.xcassets */ = {isa = PBXFileReference; lastKnownFileType = folder.assetcatalog; path = Assets.xcassets; sourceTree = "<group>"; };
		17DAF26A1D2C60AF00DF7A4D /* Base */ = {isa = PBXFileReference; lastKnownFileType = file.storyboard; name = Base; path = Base.lproj/LaunchScreen.storyboard; sourceTree = "<group>"; };
		17DAF26C1D2C60AF00DF7A4D /* Info.plist */ = {isa = PBXFileReference; lastKnownFileType = text.plist.xml; path = Info.plist; sourceTree = "<group>"; };
		17DAF2711D2C60B000DF7A4D /* favorTests.xctest */ = {isa = PBXFileReference; explicitFileType = wrapper.cfbundle; includeInIndex = 0; path = favorTests.xctest; sourceTree = BUILT_PRODUCTS_DIR; };
		17DAF2751D2C60B000DF7A4D /* favorTests.swift */ = {isa = PBXFileReference; lastKnownFileType = sourcecode.swift; path = favorTests.swift; sourceTree = "<group>"; };
		17DAF2771D2C60B000DF7A4D /* Info.plist */ = {isa = PBXFileReference; lastKnownFileType = text.plist.xml; path = Info.plist; sourceTree = "<group>"; };
/* End PBXFileReference section */

/* Begin PBXFrameworksBuildPhase section */
		17DAF25A1D2C60AF00DF7A4D /* Frameworks */ = {
			isa = PBXFrameworksBuildPhase;
			buildActionMask = 2147483647;
			files = (
			);
			runOnlyForDeploymentPostprocessing = 0;
		};
		17DAF26E1D2C60B000DF7A4D /* Frameworks */ = {
			isa = PBXFrameworksBuildPhase;
			buildActionMask = 2147483647;
			files = (
			);
			runOnlyForDeploymentPostprocessing = 0;
		};
/* End PBXFrameworksBuildPhase section */

/* Begin PBXGroup section */
		17DAF2541D2C60AF00DF7A4D = {
			isa = PBXGroup;
			children = (
				17DAF25F1D2C60AF00DF7A4D /* favor */,
				17DAF2741D2C60B000DF7A4D /* favorTests */,
				17DAF25E1D2C60AF00DF7A4D /* Products */,
			);
			sourceTree = "<group>";
		};
		17DAF25E1D2C60AF00DF7A4D /* Products */ = {
			isa = PBXGroup;
			children = (
				17DAF25D1D2C60AF00DF7A4D /* favor.app */,
				17DAF2711D2C60B000DF7A4D /* favorTests.xctest */,
			);
			name = Products;
			sourceTree = "<group>";
		};
		17DAF25F1D2C60AF00DF7A4D /* favor */ = {
			isa = PBXGroup;
			children = (
				17DAF2601D2C60AF00DF7A4D /* AppDelegate.swift */,
				17DAF2641D2C60AF00DF7A4D /* Main.storyboard */,
				17900C021D2C6FCA006C976D /* Subject.swift */,
				17900BFE1D2C6802006C976D /* SubjectTableViewCell.swift */,
				17900C001D2C6EDA006C976D /* SubjectTableViewController.swift */,
				17DAF2671D2C60AF00DF7A4D /* Assets.xcassets */,
				17DAF2691D2C60AF00DF7A4D /* LaunchScreen.storyboard */,
				17DAF26C1D2C60AF00DF7A4D /* Info.plist */,
			);
			path = favor;
			sourceTree = "<group>";
		};
		17DAF2741D2C60B000DF7A4D /* favorTests */ = {
			isa = PBXGroup;
			children = (
				17DAF2751D2C60B000DF7A4D /* favorTests.swift */,
				17DAF2771D2C60B000DF7A4D /* Info.plist */,
			);
			path = favorTests;
			sourceTree = "<group>";
		};
/* End PBXGroup section */

/* Begin PBXNativeTarget section */
		17DAF25C1D2C60AF00DF7A4D /* favor */ = {
			isa = PBXNativeTarget;
			buildConfigurationList = 17DAF27A1D2C60B000DF7A4D /* Build configuration list for PBXNativeTarget "favor" */;
			buildPhases = (
				17DAF2591D2C60AF00DF7A4D /* Sources */,
				17DAF25A1D2C60AF00DF7A4D /* Frameworks */,
				17DAF25B1D2C60AF00DF7A4D /* Resources */,
			);
			buildRules = (
			);
			dependencies = (
			);
			name = favor;
			productName = favor;
			productReference = 17DAF25D1D2C60AF00DF7A4D /* favor.app */;
			productType = "com.apple.product-type.application";
		};
		17DAF2701D2C60B000DF7A4D /* favorTests */ = {
			isa = PBXNativeTarget;
			buildConfigurationList = 17DAF27D1D2C60B000DF7A4D /* Build configuration list for PBXNativeTarget "favorTests" */;
			buildPhases = (
				17DAF26D1D2C60B000DF7A4D /* Sources */,
				17DAF26E1D2C60B000DF7A4D /* Frameworks */,
				17DAF26F1D2C60B000DF7A4D /* Resources */,
			);
			buildRules = (
			);
			dependencies = (
				17DAF2731D2C60B000DF7A4D /* PBXTargetDependency */,
			);
			name = favorTests;
			productName = favorTests;
			productReference = 17DAF2711D2C60B000DF7A4D /* favorTests.xctest */;
			productType = "com.apple.product-type.bundle.unit-test";
		};
/* End PBXNativeTarget section */

/* Begin PBXProject section */
		17DAF2551D2C60AF00DF7A4D /* Project object */ = {
			isa = PBXProject;
			attributes = {
				LastSwiftUpdateCheck = 0730;
				LastUpgradeCheck = 0730;
				ORGANIZATIONNAME = terios;
				TargetAttributes = {
					17DAF25C1D2C60AF00DF7A4D = {
						CreatedOnToolsVersion = 7.3.1;
						DevelopmentTeam = DYSJ7K3GXW;
					};
					17DAF2701D2C60B000DF7A4D = {
						CreatedOnToolsVersion = 7.3.1;
						DevelopmentTeam = DYSJ7K3GXW;
						TestTargetID = 17DAF25C1D2C60AF00DF7A4D;
					};
				};
			};
			buildConfigurationList = 17DAF2581D2C60AF00DF7A4D /* Build configuration list for PBXProject "favor" */;
			compatibilityVersion = "Xcode 3.2";
			developmentRegion = English;
			hasScannedForEncodings = 0;
			knownRegions = (
				en,
				Base,
			);
			mainGroup = 17DAF2541D2C60AF00DF7A4D;
			productRefGroup = 17DAF25E1D2C60AF00DF7A4D /* Products */;
			projectDirPath = "";
			projectRoot = "";
			targets = (
				17DAF25C1D2C60AF00DF7A4D /* favor */,
				17DAF2701D2C60B000DF7A4D /* favorTests */,
			);
		};
/* End PBXProject section */

/* Begin PBXResourcesBuildPhase section */
		17DAF25B1D2C60AF00DF7A4D /* Resources */ = {
			isa = PBXResourcesBuildPhase;
			buildActionMask = 2147483647;
			files = (
				17DAF26B1D2C60AF00DF7A4D /* LaunchScreen.storyboard in Resources */,
				17DAF2681D2C60AF00DF7A4D /* Assets.xcassets in Resources */,
				17DAF2661D2C60AF00DF7A4D /* Main.storyboard in Resources */,
			);
			runOnlyForDeploymentPostprocessing = 0;
		};
		17DAF26F1D2C60B000DF7A4D /* Resources */ = {
			isa = PBXResourcesBuildPhase;
			buildActionMask = 2147483647;
			files = (
			);
			runOnlyForDeploymentPostprocessing = 0;
		};
/* End PBXResourcesBuildPhase section */

/* Begin PBXSourcesBuildPhase section */
		17DAF2591D2C60AF00DF7A4D /* Sources */ = {
			isa = PBXSourcesBuildPhase;
			buildActionMask = 2147483647;
			files = (
				17900C011D2C6EDA006C976D /* SubjectTableViewController.swift in Sources */,
				17900C031D2C6FCA006C976D /* Subject.swift in Sources */,
				17900BFF1D2C6802006C976D /* SubjectTableViewCell.swift in Sources */,
				17DAF2611D2C60AF00DF7A4D /* AppDelegate.swift in Sources */,
			);
			runOnlyForDeploymentPostprocessing = 0;
		};
		17DAF26D1D2C60B000DF7A4D /* Sources */ = {
			isa = PBXSourcesBuildPhase;
			buildActionMask = 2147483647;
			files = (
				17DAF2761D2C60B000DF7A4D /* favorTests.swift in Sources */,
			);
			runOnlyForDeploymentPostprocessing = 0;
		};
/* End PBXSourcesBuildPhase section */

/* Begin PBXTargetDependency section */
		17DAF2731D2C60B000DF7A4D /* PBXTargetDependency */ = {
			isa = PBXTargetDependency;
			target = 17DAF25C1D2C60AF00DF7A4D /* favor */;
			targetProxy = 17DAF2721D2C60B000DF7A4D /* PBXContainerItemProxy */;
		};
/* End PBXTargetDependency section */

/* Begin PBXVariantGroup section */
		17DAF2641D2C60AF00DF7A4D /* Main.storyboard */ = {
			isa = PBXVariantGroup;
			children = (
				17DAF2651D2C60AF00DF7A4D /* Base */,
			);
			name = Main.storyboard;
			sourceTree = "<group>";
		};
		17DAF2691D2C60AF00DF7A4D /* LaunchScreen.storyboard */ = {
			isa = PBXVariantGroup;
			children = (
				17DAF26A1D2C60AF00DF7A4D /* Base */,
			);
			name = LaunchScreen.storyboard;
			sourceTree = "<group>";
		};
/* End PBXVariantGroup section */

/* Begin XCBuildConfiguration section */
		17DAF2781D2C60B000DF7A4D /* Debug */ = {
			isa = XCBuildConfiguration;
			buildSettings = {
				ALWAYS_SEARCH_USER_PATHS = NO;
				CLANG_ANALYZER_NONNULL = YES;
				CLANG_CXX_LANGUAGE_STANDARD = "gnu++0x";
				CLANG_CXX_LIBRARY = "libc++";
				CLANG_ENABLE_MODULES = YES;
				CLANG_ENABLE_OBJC_ARC = YES;
				CLANG_WARN_BOOL_CONVERSION = YES;
				CLANG_WARN_CONSTANT_CONVERSION = YES;
				CLANG_WARN_DIRECT_OBJC_ISA_USAGE = YES_ERROR;
				CLANG_WARN_EMPTY_BODY = YES;
				CLANG_WARN_ENUM_CONVERSION = YES;
				CLANG_WARN_INT_CONVERSION = YES;
				CLANG_WARN_OBJC_ROOT_CLASS = YES_ERROR;
				CLANG_WARN_UNREACHABLE_CODE = YES;
				CLANG_WARN__DUPLICATE_METHOD_MATCH = YES;
				"CODE_SIGN_IDENTITY[sdk=iphoneos*]" = "iPhone Developer";
				COPY_PHASE_STRIP = NO;
				DEBUG_INFORMATION_FORMAT = dwarf;
				ENABLE_STRICT_OBJC_MSGSEND = YES;
				ENABLE_TESTABILITY = YES;
				GCC_C_LANGUAGE_STANDARD = gnu99;
				GCC_DYNAMIC_NO_PIC = NO;
				GCC_NO_COMMON_BLOCKS = YES;
				GCC_OPTIMIZATION_LEVEL = 0;
				GCC_PREPROCESSOR_DEFINITIONS = (
					"DEBUG=1",
					"$(inherited)",
				);
				GCC_WARN_64_TO_32_BIT_CONVERSION = YES;
				GCC_WARN_ABOUT_RETURN_TYPE = YES_ERROR;
				GCC_WARN_UNDECLARED_SELECTOR = YES;
				GCC_WARN_UNINITIALIZED_AUTOS = YES_AGGRESSIVE;
				GCC_WARN_UNUSED_FUNCTION = YES;
				GCC_WARN_UNUSED_VARIABLE = YES;
				IPHONEOS_DEPLOYMENT_TARGET = 9.3;
				MTL_ENABLE_DEBUG_INFO = YES;
				ONLY_ACTIVE_ARCH = YES;
				SDKROOT = iphoneos;
				SWIFT_OPTIMIZATION_LEVEL = "-Onone";
				TARGETED_DEVICE_FAMILY = "1,2";
			};
			name = Debug;
		};
		17DAF2791D2C60B000DF7A4D /* Release */ = {
			isa = XCBuildConfiguration;
			buildSettings = {
				ALWAYS_SEARCH_USER_PATHS = NO;
				CLANG_ANALYZER_NONNULL = YES;
				CLANG_CXX_LANGUAGE_STANDARD = "gnu++0x";
				CLANG_CXX_LIBRARY = "libc++";
				CLANG_ENABLE_MODULES = YES;
				CLANG_ENABLE_OBJC_ARC = YES;
				CLANG_WARN_BOOL_CONVERSION = YES;
				CLANG_WARN_CONSTANT_CONVERSION = YES;
				CLANG_WARN_DIRECT_OBJC_ISA_USAGE = YES_ERROR;
				CLANG_WARN_EMPTY_BODY = YES;
				CLANG_WARN_ENUM_CONVERSION = YES;
				CLANG_WARN_INT_CONVERSION = YES;
				CLANG_WARN_OBJC_ROOT_CLASS = YES_ERROR;
				CLANG_WARN_UNREACHABLE_CODE = YES;
				CLANG_WARN__DUPLICATE_METHOD_MATCH = YES;
				"CODE_SIGN_IDENTITY[sdk=iphoneos*]" = "iPhone Developer";
				COPY_PHASE_STRIP = NO;
				DEBUG_INFORMATION_FORMAT = "dwarf-with-dsym";
				ENABLE_NS_ASSERTIONS = NO;
				ENABLE_STRICT_OBJC_MSGSEND = YES;
				GCC_C_LANGUAGE_STANDARD = gnu99;
				GCC_NO_COMMON_BLOCKS = YES;
				GCC_WARN_64_TO_32_BIT_CONVERSION = YES;
				GCC_WARN_ABOUT_RETURN_TYPE = YES_ERROR;
				GCC_WARN_UNDECLARED_SELECTOR = YES;
				GCC_WARN_UNINITIALIZED_AUTOS = YES_AGGRESSIVE;
				GCC_WARN_UNUSED_FUNCTION = YES;
				GCC_WARN_UNUSED_VARIABLE = YES;
				IPHONEOS_DEPLOYMENT_TARGET = 9.3;
				MTL_ENABLE_DEBUG_INFO = NO;
				SDKROOT = iphoneos;
				TARGETED_DEVICE_FAMILY = "1,2";
				VALIDATE_PRODUCT = YES;
			};
			name = Release;
		};
		17DAF27B1D2C60B000DF7A4D /* Debug */ = {
			isa = XCBuildConfiguration;
			buildSettings = {
				ASSETCATALOG_COMPILER_APPICON_NAME = AppIcon;
				INFOPLIST_FILE = favor/Info.plist;
				LD_RUNPATH_SEARCH_PATHS = "$(inherited) @executable_path/Frameworks";
				PRODUCT_BUNDLE_IDENTIFIER = edu.terios.favor;
				PRODUCT_NAME = "$(TARGET_NAME)";
			};
			name = Debug;
		};
		17DAF27C1D2C60B000DF7A4D /* Release */ = {
			isa = XCBuildConfiguration;
			buildSettings = {
				ASSETCATALOG_COMPILER_APPICON_NAME = AppIcon;
				INFOPLIST_FILE = favor/Info.plist;
				LD_RUNPATH_SEARCH_PATHS = "$(inherited) @executable_path/Frameworks";
				PRODUCT_BUNDLE_IDENTIFIER = edu.terios.favor;
				PRODUCT_NAME = "$(TARGET_NAME)";
			};
			name = Release;
		};
		17DAF27E1D2C60B000DF7A4D /* Debug */ = {
			isa = XCBuildConfiguration;
			buildSettings = {
				BUNDLE_LOADER = "$(TEST_HOST)";
				INFOPLIST_FILE = favorTests/Info.plist;
				LD_RUNPATH_SEARCH_PATHS = "$(inherited) @executable_path/Frameworks @loader_path/Frameworks";
				PRODUCT_BUNDLE_IDENTIFIER = edu.terios.favorTests;
				PRODUCT_NAME = "$(TARGET_NAME)";
				TEST_HOST = "$(BUILT_PRODUCTS_DIR)/favor.app/favor";
			};
			name = Debug;
		};
		17DAF27F1D2C60B000DF7A4D /* Release */ = {
			isa = XCBuildConfiguration;
			buildSettings = {
				BUNDLE_LOADER = "$(TEST_HOST)";
				INFOPLIST_FILE = favorTests/Info.plist;
				LD_RUNPATH_SEARCH_PATHS = "$(inherited) @executable_path/Frameworks @loader_path/Frameworks";
				PRODUCT_BUNDLE_IDENTIFIER = edu.terios.favorTests;
				PRODUCT_NAME = "$(TARGET_NAME)";
				TEST_HOST = "$(BUILT_PRODUCTS_DIR)/favor.app/favor";
			};
			name = Release;
		};
/* End XCBuildConfiguration section */

/* Begin XCConfigurationList section */
		17DAF2581D2C60AF00DF7A4D /* Build configuration list for PBXProject "favor" */ = {
			isa = XCConfigurationList;
			buildConfigurations = (
				17DAF2781D2C60B000DF7A4D /* Debug */,
				17DAF2791D2C60B000DF7A4D /* Release */,
			);
			defaultConfigurationIsVisible = 0;
			defaultConfigurationName = Release;
		};
		17DAF27A1D2C60B000DF7A4D /* Build configuration list for PBXNativeTarget "favor" */ = {
			isa = XCConfigurationList;
			buildConfigurations = (
				17DAF27B1D2C60B000DF7A4D /* Debug */,
				17DAF27C1D2C60B000DF7A4D /* Release */,
			);
			defaultConfigurationIsVisible = 0;
			defaultConfigurationName = Release;
		};
		17DAF27D1D2C60B000DF7A4D /* Build configuration list for PBXNativeTarget "favorTests" */ = {
			isa = XCConfigurationList;
			buildConfigurations = (
				17DAF27E1D2C60B000DF7A4D /* Debug */,
				17DAF27F1D2C60B000DF7A4D /* Release */,
			);
			defaultConfigurationIsVisible = 0;
			defaultConfigurationName = Release;
		};
/* End XCConfigurationList section */
	};
	rootObject = 17DAF2551D2C60AF00DF7A4D /* Project object */;
}
